{
  "version": 4,
  "terraform_version": "1.2.9",
  "serial": 143,
  "lineage": "f2786d36-eb3f-1343-bf80-b7a6debcb155",
  "outputs": {
    "Public_ip": {
      "value": "20.163.202.233",
      "type": "string"
    }
  },
  "resources": [
    {
      "module": "module.rg-az",
      "mode": "managed",
      "type": "azurerm_resource_group",
      "name": "terraform",
      "provider": "provider[\"registry.terraform.io/hashicorp/azurerm\"]",
      "instances": [
        {
          "schema_version": 0,
          "attributes": {
            "id": "/subscriptions/17d30b3a-2406-4e99-8f33-60432b68107b/resourceGroups/Terraform-groups-sg-RG",
            "location": "eastus",
            "name": "Terraform-groups-sg-RG",
            "tags": {
              "environment": "Terraform"
            },
            "timeouts": null
          },
          "sensitive_attributes": [],
          "private": "eyJlMmJmYjczMC1lY2FhLTExZTYtOGY4OC0zNDM2M2JjN2M0YzAiOnsiY3JlYXRlIjo1NDAwMDAwMDAwMDAwLCJkZWxldGUiOjU0MDAwMDAwMDAwMDAsInJlYWQiOjMwMDAwMDAwMDAwMCwidXBkYXRlIjo1NDAwMDAwMDAwMDAwfX0="
        }
      ]
    },
    {
      "module": "module.v-net",
      "mode": "managed",
      "type": "azurerm_network_interface",
      "name": "hub-nic",
      "provider": "provider[\"registry.terraform.io/hashicorp/azurerm\"]",
      "instances": [
        {
          "schema_version": 0,
          "attributes": {
            "applied_dns_servers": [],
            "dns_servers": [],
            "enable_accelerated_networking": false,
            "enable_ip_forwarding": true,
            "id": "/subscriptions/17d30b3a-2406-4e99-8f33-60432b68107b/resourceGroups/Terraform-groups-sg-RG/providers/Microsoft.Network/networkInterfaces/Terraform-groups-sg-Hub-Nic",
            "internal_dns_name_label": "",
            "internal_domain_name_suffix": "sptp1njz2gcufahb03gx03v12c.bx.internal.cloudapp.net",
            "ip_configuration": [
              {
                "name": "az-v",
                "primary": true,
                "private_ip_address": "10.2.0.4",
                "private_ip_address_allocation": "Dynamic",
                "private_ip_address_version": "IPv4",
                "public_ip_address_id": "",
                "subnet_id": "/subscriptions/17d30b3a-2406-4e99-8f33-60432b68107b/resourceGroups/Terraform-groups-sg-RG/providers/Microsoft.Network/virtualNetworks/Terraform-groups-sg-vnet/subnets/Terraform-groups-sg-Hub-Dmz"
              }
            ],
            "location": "eastus",
            "mac_address": "",
            "name": "Terraform-groups-sg-Hub-Nic",
            "private_ip_address": "10.2.0.4",
            "private_ip_addresses": [
              "10.2.0.4"
            ],
            "resource_group_name": "Terraform-groups-sg-RG",
            "tags": null,
            "timeouts": null,
            "virtual_machine_id": ""
          },
          "sensitive_attributes": [],
          "private": "eyJlMmJmYjczMC1lY2FhLTExZTYtOGY4OC0zNDM2M2JjN2M0YzAiOnsiY3JlYXRlIjoxODAwMDAwMDAwMDAwLCJkZWxldGUiOjE4MDAwMDAwMDAwMDAsInJlYWQiOjMwMDAwMDAwMDAwMCwidXBkYXRlIjoxODAwMDAwMDAwMDAwfX0=",
          "dependencies": [
            "module.rg-az.azurerm_resource_group.terraform",
            "module.v-net.azurerm_subnet.hub-dmz",
            "module.v-net.azurerm_virtual_network.hub-vnet"
          ]
        }
      ]
    },
    {
      "module": "module.v-net",
      "mode": "managed",
      "type": "azurerm_network_interface",
      "name": "jumpbox-nic",
      "provider": "provider[\"registry.terraform.io/hashicorp/azurerm\"]",
      "instances": [
        {
          "schema_version": 0,
          "attributes": {
            "applied_dns_servers": [],
            "dns_servers": [],
            "enable_accelerated_networking": false,
            "enable_ip_forwarding": true,
            "id": "/subscriptions/17d30b3a-2406-4e99-8f33-60432b68107b/resourceGroups/Terraform-groups-sg-RG/providers/Microsoft.Network/networkInterfaces/jumpbox-nic",
            "internal_dns_name_label": "",
            "internal_domain_name_suffix": "sptp1njz2gcufahb03gx03v12c.bx.internal.cloudapp.net",
            "ip_configuration": [
              {
                "name": "IPConfiguration",
                "primary": true,
                "private_ip_address": "10.2.1.4",
                "private_ip_address_allocation": "Dynamic",
                "private_ip_address_version": "IPv4",
                "public_ip_address_id": "/subscriptions/17d30b3a-2406-4e99-8f33-60432b68107b/resourceGroups/Terraform-groups-sg-RG/providers/Microsoft.Network/publicIPAddresses/Terraform-groups-sg-jumpbox-public-ip",
                "subnet_id": "/subscriptions/17d30b3a-2406-4e99-8f33-60432b68107b/resourceGroups/Terraform-groups-sg-RG/providers/Microsoft.Network/virtualNetworks/Terraform-groups-sg-vnet/subnets/Terraform-groups-sg-Jump-Hub-Dmz"
              }
            ],
            "location": "eastus",
            "mac_address": "",
            "name": "jumpbox-nic",
            "private_ip_address": "10.2.1.4",
            "private_ip_addresses": [
              "10.2.1.4"
            ],
            "resource_group_name": "Terraform-groups-sg-RG",
            "tags": null,
            "timeouts": null,
            "virtual_machine_id": ""
          },
          "sensitive_attributes": [],
          "private": "eyJlMmJmYjczMC1lY2FhLTExZTYtOGY4OC0zNDM2M2JjN2M0YzAiOnsiY3JlYXRlIjoxODAwMDAwMDAwMDAwLCJkZWxldGUiOjE4MDAwMDAwMDAwMDAsInJlYWQiOjMwMDAwMDAwMDAwMCwidXBkYXRlIjoxODAwMDAwMDAwMDAwfX0=",
          "dependencies": [
            "module.rg-az.azurerm_resource_group.terraform",
            "module.v-net.azurerm_public_ip.jump-pub-ip",
            "module.v-net.azurerm_subnet.Jump-hub-dmz",
            "module.v-net.azurerm_virtual_network.hub-vnet"
          ]
        }
      ]
    },
    {
      "module": "module.v-net",
      "mode": "managed",
      "type": "azurerm_network_security_group",
      "name": "jumpnsg",
      "provider": "provider[\"registry.terraform.io/hashicorp/azurerm\"]",
      "instances": [
        {
          "schema_version": 0,
          "attributes": {
            "id": "/subscriptions/17d30b3a-2406-4e99-8f33-60432b68107b/resourceGroups/Terraform-groups-sg-RG/providers/Microsoft.Network/networkSecurityGroups/Terraform-groups-sg-JumpboxNSG",
            "location": "eastus",
            "name": "Terraform-groups-sg-JumpboxNSG",
            "resource_group_name": "Terraform-groups-sg-RG",
            "security_rule": [
              {
                "access": "Allow",
                "description": "",
                "destination_address_prefix": "*",
                "destination_address_prefixes": [],
                "destination_application_security_group_ids": [],
                "destination_port_range": "22",
                "destination_port_ranges": [],
                "direction": "Inbound",
                "name": "allow_ssh_sg",
                "priority": 100,
                "protocol": "Tcp",
                "source_address_prefix": "*",
                "source_address_prefixes": [],
                "source_application_security_group_ids": [],
                "source_port_range": "*",
                "source_port_ranges": []
              }
            ],
            "tags": null,
            "timeouts": null
          },
          "sensitive_attributes": [],
          "private": "eyJlMmJmYjczMC1lY2FhLTExZTYtOGY4OC0zNDM2M2JjN2M0YzAiOnsiY3JlYXRlIjoxODAwMDAwMDAwMDAwLCJkZWxldGUiOjE4MDAwMDAwMDAwMDAsInJlYWQiOjMwMDAwMDAwMDAwMCwidXBkYXRlIjoxODAwMDAwMDAwMDAwfX0=",
          "dependencies": [
            "module.rg-az.azurerm_resource_group.terraform"
          ]
        }
      ]
    },
    {
      "module": "module.v-net",
      "mode": "managed",
      "type": "azurerm_network_security_group",
      "name": "nsg",
      "provider": "provider[\"registry.terraform.io/hashicorp/azurerm\"]",
      "instances": [
        {
          "schema_version": 0,
          "attributes": {
            "id": "/subscriptions/17d30b3a-2406-4e99-8f33-60432b68107b/resourceGroups/Terraform-groups-sg-RG/providers/Microsoft.Network/networkSecurityGroups/Terraform-groups-sg-NSG",
            "location": "eastus",
            "name": "Terraform-groups-sg-NSG",
            "resource_group_name": "Terraform-groups-sg-RG",
            "security_rule": [
              {
                "access": "Allow",
                "description": "",
                "destination_address_prefix": "*",
                "destination_address_prefixes": [],
                "destination_application_security_group_ids": [],
                "destination_port_range": "22",
                "destination_port_ranges": [],
                "direction": "Inbound",
                "name": "allow_ssh_sg",
                "priority": 100,
                "protocol": "Tcp",
                "source_address_prefix": "*",
                "source_address_prefixes": [],
                "source_application_security_group_ids": [],
                "source_port_range": "*",
                "source_port_ranges": []
              }
            ],
            "tags": null,
            "timeouts": null
          },
          "sensitive_attributes": [],
          "private": "eyJlMmJmYjczMC1lY2FhLTExZTYtOGY4OC0zNDM2M2JjN2M0YzAiOnsiY3JlYXRlIjoxODAwMDAwMDAwMDAwLCJkZWxldGUiOjE4MDAwMDAwMDAwMDAsInJlYWQiOjMwMDAwMDAwMDAwMCwidXBkYXRlIjoxODAwMDAwMDAwMDAwfX0=",
          "dependencies": [
            "module.rg-az.azurerm_resource_group.terraform"
          ]
        }
      ]
    },
    {
      "module": "module.v-net",
      "mode": "managed",
      "type": "azurerm_public_ip",
      "name": "jump-pub-ip",
      "provider": "provider[\"registry.terraform.io/hashicorp/azurerm\"]",
      "instances": [
        {
          "schema_version": 0,
          "attributes": {
            "allocation_method": "Static",
            "domain_name_label": null,
            "fqdn": null,
            "id": "/subscriptions/17d30b3a-2406-4e99-8f33-60432b68107b/resourceGroups/Terraform-groups-sg-RG/providers/Microsoft.Network/publicIPAddresses/Terraform-groups-sg-jumpbox-public-ip",
            "idle_timeout_in_minutes": 4,
            "ip_address": "20.163.202.233",
            "ip_tags": null,
            "ip_version": "IPv4",
            "location": "eastus",
            "name": "Terraform-groups-sg-jumpbox-public-ip",
            "public_ip_prefix_id": null,
            "resource_group_name": "Terraform-groups-sg-RG",
            "reverse_fqdn": null,
            "sku": "Basic",
            "tags": null,
            "timeouts": null,
            "zones": null
          },
          "sensitive_attributes": [],
          "private": "eyJlMmJmYjczMC1lY2FhLTExZTYtOGY4OC0zNDM2M2JjN2M0YzAiOnsiY3JlYXRlIjoxODAwMDAwMDAwMDAwLCJkZWxldGUiOjE4MDAwMDAwMDAwMDAsInJlYWQiOjMwMDAwMDAwMDAwMCwidXBkYXRlIjoxODAwMDAwMDAwMDAwfX0=",
          "dependencies": [
            "module.rg-az.azurerm_resource_group.terraform"
          ]
        }
      ]
    },
    {
      "module": "module.v-net",
      "mode": "managed",
      "type": "azurerm_subnet",
      "name": "Jump-hub-dmz",
      "provider": "provider[\"registry.terraform.io/hashicorp/azurerm\"]",
      "instances": [
        {
          "schema_version": 0,
          "attributes": {
            "address_prefix": "10.2.1.0/24",
            "address_prefixes": [
              "10.2.1.0/24"
            ],
            "delegation": [],
            "enforce_private_link_endpoint_network_policies": false,
            "enforce_private_link_service_network_policies": false,
            "id": "/subscriptions/17d30b3a-2406-4e99-8f33-60432b68107b/resourceGroups/Terraform-groups-sg-RG/providers/Microsoft.Network/virtualNetworks/Terraform-groups-sg-vnet/subnets/Terraform-groups-sg-Jump-Hub-Dmz",
            "name": "Terraform-groups-sg-Jump-Hub-Dmz",
            "resource_group_name": "Terraform-groups-sg-RG",
            "service_endpoint_policy_ids": null,
            "service_endpoints": null,
            "timeouts": null,
            "virtual_network_name": "Terraform-groups-sg-vnet"
          },
          "sensitive_attributes": [],
          "private": "eyJlMmJmYjczMC1lY2FhLTExZTYtOGY4OC0zNDM2M2JjN2M0YzAiOnsiY3JlYXRlIjoxODAwMDAwMDAwMDAwLCJkZWxldGUiOjE4MDAwMDAwMDAwMDAsInJlYWQiOjMwMDAwMDAwMDAwMCwidXBkYXRlIjoxODAwMDAwMDAwMDAwfX0=",
          "dependencies": [
            "module.rg-az.azurerm_resource_group.terraform",
            "module.v-net.azurerm_virtual_network.hub-vnet"
          ]
        }
      ]
    },
    {
      "module": "module.v-net",
      "mode": "managed",
      "type": "azurerm_subnet",
      "name": "hub-dmz",
      "provider": "provider[\"registry.terraform.io/hashicorp/azurerm\"]",
      "instances": [
        {
          "schema_version": 0,
          "attributes": {
            "address_prefix": "10.2.0.0/24",
            "address_prefixes": [
              "10.2.0.0/24"
            ],
            "delegation": [],
            "enforce_private_link_endpoint_network_policies": false,
            "enforce_private_link_service_network_policies": false,
            "id": "/subscriptions/17d30b3a-2406-4e99-8f33-60432b68107b/resourceGroups/Terraform-groups-sg-RG/providers/Microsoft.Network/virtualNetworks/Terraform-groups-sg-vnet/subnets/Terraform-groups-sg-Hub-Dmz",
            "name": "Terraform-groups-sg-Hub-Dmz",
            "resource_group_name": "Terraform-groups-sg-RG",
            "service_endpoint_policy_ids": null,
            "service_endpoints": null,
            "timeouts": null,
            "virtual_network_name": "Terraform-groups-sg-vnet"
          },
          "sensitive_attributes": [],
          "private": "eyJlMmJmYjczMC1lY2FhLTExZTYtOGY4OC0zNDM2M2JjN2M0YzAiOnsiY3JlYXRlIjoxODAwMDAwMDAwMDAwLCJkZWxldGUiOjE4MDAwMDAwMDAwMDAsInJlYWQiOjMwMDAwMDAwMDAwMCwidXBkYXRlIjoxODAwMDAwMDAwMDAwfX0=",
          "dependencies": [
            "module.rg-az.azurerm_resource_group.terraform",
            "module.v-net.azurerm_virtual_network.hub-vnet"
          ]
        }
      ]
    },
    {
      "module": "module.v-net",
      "mode": "managed",
      "type": "azurerm_virtual_network",
      "name": "hub-vnet",
      "provider": "provider[\"registry.terraform.io/hashicorp/azurerm\"]",
      "instances": [
        {
          "schema_version": 0,
          "attributes": {
            "address_space": [
              "10.2.0.0/16"
            ],
            "bgp_community": "",
            "ddos_protection_plan": [],
            "dns_servers": null,
            "guid": "b5fde693-e139-4285-80e1-d74d7d76bbe2",
            "id": "/subscriptions/17d30b3a-2406-4e99-8f33-60432b68107b/resourceGroups/Terraform-groups-sg-RG/providers/Microsoft.Network/virtualNetworks/Terraform-groups-sg-vnet",
            "location": "eastus",
            "name": "Terraform-groups-sg-vnet",
            "resource_group_name": "Terraform-groups-sg-RG",
            "subnet": [],
            "tags": {
              "environment": "Production"
            },
            "timeouts": null,
            "vm_protection_enabled": false
          },
          "sensitive_attributes": [],
          "private": "eyJlMmJmYjczMC1lY2FhLTExZTYtOGY4OC0zNDM2M2JjN2M0YzAiOnsiY3JlYXRlIjoxODAwMDAwMDAwMDAwLCJkZWxldGUiOjE4MDAwMDAwMDAwMDAsInJlYWQiOjMwMDAwMDAwMDAwMCwidXBkYXRlIjoxODAwMDAwMDAwMDAwfX0=",
          "dependencies": [
            "module.rg-az.azurerm_resource_group.terraform"
          ]
        }
      ]
    },
    {
      "module": "module.vms",
      "mode": "managed",
      "type": "azurerm_virtual_machine",
      "name": "jumpbox",
      "provider": "provider[\"registry.terraform.io/hashicorp/azurerm\"]",
      "instances": [
        {
          "schema_version": 0,
          "attributes": {
            "additional_capabilities": [],
            "availability_set_id": null,
            "boot_diagnostics": [],
            "delete_data_disks_on_termination": false,
            "delete_os_disk_on_termination": false,
            "id": "/subscriptions/17d30b3a-2406-4e99-8f33-60432b68107b/resourceGroups/Terraform-groups-sg-RG/providers/Microsoft.Compute/virtualMachines/Terraform-groups-sg-vmjumpbox",
            "identity": [],
            "license_type": null,
            "location": "eastus",
            "name": "Terraform-groups-sg-vmjumpbox",
            "network_interface_ids": [
              "/subscriptions/17d30b3a-2406-4e99-8f33-60432b68107b/resourceGroups/Terraform-groups-sg-RG/providers/Microsoft.Network/networkInterfaces/jumpbox-nic"
            ],
            "os_profile": [
              {
                "admin_password": "",
                "admin_username": "testadmin",
                "computer_name": "hostname",
                "custom_data": ""
              }
            ],
            "os_profile_linux_config": [
              {
                "disable_password_authentication": false,
                "ssh_keys": []
              }
            ],
            "os_profile_secrets": [],
            "os_profile_windows_config": [],
            "plan": [],
            "primary_network_interface_id": null,
            "proximity_placement_group_id": null,
            "resource_group_name": "Terraform-groups-sg-RG",
            "storage_data_disk": [],
            "storage_image_reference": [
              {
                "id": "",
                "offer": "UbuntuServer",
                "publisher": "Canonical",
                "sku": "16.04-LTS",
                "version": "latest"
              }
            ],
            "storage_os_disk": [
              {
                "caching": "ReadWrite",
                "create_option": "FromImage",
                "disk_size_gb": 30,
                "image_uri": "",
                "managed_disk_id": "/subscriptions/17d30b3a-2406-4e99-8f33-60432b68107b/resourceGroups/Terraform-groups-sg-RG/providers/Microsoft.Compute/disks/jumpbox-osdisk",
                "managed_disk_type": "Standard_LRS",
                "name": "jumpbox-osdisk",
                "os_type": "Linux",
                "vhd_uri": "",
                "write_accelerator_enabled": false
              }
            ],
            "tags": null,
            "timeouts": null,
            "vm_size": "Standard_DS1_v2",
            "zones": null
          },
          "sensitive_attributes": [],
          "private": "eyJlMmJmYjczMC1lY2FhLTExZTYtOGY4OC0zNDM2M2JjN2M0YzAiOnsiY3JlYXRlIjozNjAwMDAwMDAwMDAwLCJkZWxldGUiOjM2MDAwMDAwMDAwMDAsInJlYWQiOjMwMDAwMDAwMDAwMCwidXBkYXRlIjozNjAwMDAwMDAwMDAwfX0=",
          "dependencies": [
            "module.rg-az.azurerm_resource_group.terraform",
            "module.v-net.azurerm_network_interface.jumpbox-nic",
            "module.v-net.azurerm_public_ip.jump-pub-ip",
            "module.v-net.azurerm_subnet.Jump-hub-dmz",
            "module.v-net.azurerm_virtual_network.hub-vnet"
          ]
        }
      ]
    },
    {
      "module": "module.vms",
      "mode": "managed",
      "type": "azurerm_virtual_machine",
      "name": "main",
      "provider": "provider[\"registry.terraform.io/hashicorp/azurerm\"]",
      "instances": [
        {
          "schema_version": 0,
          "attributes": {
            "additional_capabilities": [],
            "availability_set_id": null,
            "boot_diagnostics": [],
            "delete_data_disks_on_termination": false,
            "delete_os_disk_on_termination": false,
            "id": "/subscriptions/17d30b3a-2406-4e99-8f33-60432b68107b/resourceGroups/Terraform-groups-sg-RG/providers/Microsoft.Compute/virtualMachines/Terraform-groups-sg-vm",
            "identity": [],
            "license_type": null,
            "location": "eastus",
            "name": "Terraform-groups-sg-vm",
            "network_interface_ids": [
              "/subscriptions/17d30b3a-2406-4e99-8f33-60432b68107b/resourceGroups/Terraform-groups-sg-RG/providers/Microsoft.Network/networkInterfaces/Terraform-groups-sg-Hub-Nic"
            ],
            "os_profile": [
              {
                "admin_password": "",
                "admin_username": "testadmin",
                "computer_name": "hostname",
                "custom_data": ""
              }
            ],
            "os_profile_linux_config": [
              {
                "disable_password_authentication": false,
                "ssh_keys": []
              }
            ],
            "os_profile_secrets": [],
            "os_profile_windows_config": [],
            "plan": [],
            "primary_network_interface_id": null,
            "proximity_placement_group_id": null,
            "resource_group_name": "Terraform-groups-sg-RG",
            "storage_data_disk": [],
            "storage_image_reference": [
              {
                "id": "",
                "offer": "UbuntuServer",
                "publisher": "Canonical",
                "sku": "16.04-LTS",
                "version": "latest"
              }
            ],
            "storage_os_disk": [
              {
                "caching": "ReadWrite",
                "create_option": "FromImage",
                "disk_size_gb": 30,
                "image_uri": "",
                "managed_disk_id": "/subscriptions/17d30b3a-2406-4e99-8f33-60432b68107b/resourceGroups/Terraform-groups-sg-RG/providers/Microsoft.Compute/disks/myosdisk1",
                "managed_disk_type": "Standard_LRS",
                "name": "myosdisk1",
                "os_type": "Linux",
                "vhd_uri": "",
                "write_accelerator_enabled": false
              }
            ],
            "tags": {
              "environment": "staging"
            },
            "timeouts": null,
            "vm_size": "Standard_DS1_v2",
            "zones": null
          },
          "sensitive_attributes": [],
          "private": "eyJlMmJmYjczMC1lY2FhLTExZTYtOGY4OC0zNDM2M2JjN2M0YzAiOnsiY3JlYXRlIjozNjAwMDAwMDAwMDAwLCJkZWxldGUiOjM2MDAwMDAwMDAwMDAsInJlYWQiOjMwMDAwMDAwMDAwMCwidXBkYXRlIjozNjAwMDAwMDAwMDAwfX0=",
          "dependencies": [
            "module.rg-az.azurerm_resource_group.terraform",
            "module.v-net.azurerm_network_interface.hub-nic",
            "module.v-net.azurerm_subnet.hub-dmz",
            "module.v-net.azurerm_virtual_network.hub-vnet"
          ]
        }
      ]
    }
  ]
}
